
Microsoft Visual Studio Solution File, Format Version 12.00
# Visual Studio Version 17
VisualStudioVersion = 17.1.32421.90
MinimumVisualStudioVersion = 10.0.40219.1
Project("{FAE04EC0-301F-11D3-BF4B-00C04F79EFBC}") = "3ISIP223_Nikolaeva_WPF", "3ISIP223_Nikolaeva_WPF\3ISIP223_Nikolaeva_WPF.csproj", "{F702CD7D-A735-4CB7-9DF3-66E762E12795}"
EndProject
Global
	GlobalSection(SolutionConfigurationPlatforms) = preSolution
		Debug|Any CPU = Debug|Any CPU
		Release|Any CPU = Release|Any CPU
	EndGlobalSection
	GlobalSection(ProjectConfigurationPlatforms) = postSolution
		{F702CD7D-A735-4CB7-9DF3-66E762E12795}.Debug|Any CPU.ActiveCfg = Debug|Any CPU
		{F702CD7D-A735-4CB7-9DF3-66E762E12795}.Debug|Any CPU.Build.0 = Debug|Any CPU
		{F702CD7D-A735-4CB7-9DF3-66E762E12795}.Release|Any CPU.ActiveCfg = Release|Any CPU
		{F702CD7D-A735-4CB7-9DF3-66E762E12795}.Release|Any CPU.Build.0 = Release|Any CPU
	EndGlobalSection
	GlobalSection(SolutionProperties) = preSolution
		HideSolutionNode = FALSE
	EndGlobalSection
	GlobalSection(ExtensibilityGlobals) = postSolution
		SolutionGuid = {E73DFCFC-FEB5-470B-9E6B-3287D678DA8A}
	EndGlobalSection
EndGlobal
